
Microsoft Visual Studio Solution File, Format Version 12.00
# Visual Studio Version 16
VisualStudioVersion = 16.0.810.14
MinimumVisualStudioVersion = 10.0.40219.1
Project("{FAE04EC0-301F-11D3-BF4B-00C04F79EFBC}") = "RosNet", "RosNet.csproj", "{CBABD08A-D8E3-4E66-86F6-10B94E4E2FFF}"
EndProject
Global
	GlobalSection(SolutionConfigurationPlatforms) = preSolution
		Debug|Any CPU = Debug|Any CPU
		Release|Any CPU = Release|Any CPU
	EndGlobalSection
	GlobalSection(ProjectConfigurationPlatforms) = postSolution
		{CBABD08A-D8E3-4E66-86F6-10B94E4E2FFF}.Debug|Any CPU.ActiveCfg = Debug|Any CPU
		{CBABD08A-D8E3-4E66-86F6-10B94E4E2FFF}.Debug|Any CPU.Build.0 = Debug|Any CPU
		{CBABD08A-D8E3-4E66-86F6-10B94E4E2FFF}.Release|Any CPU.ActiveCfg = Release|Any CPU
		{CBABD08A-D8E3-4E66-86F6-10B94E4E2FFF}.Release|Any CPU.Build.0 = Release|Any CPU
	EndGlobalSection
	GlobalSection(SolutionProperties) = preSolution
		HideSolutionNode = FALSE
	EndGlobalSection
	GlobalSection(ExtensibilityGlobals) = postSolution
		SolutionGuid = {8978607C-7BEB-4713-87C7-4AFE3ACBC528}
	EndGlobalSection
EndGlobal
